// !$*UTF8*$!
{
	archiveVersion = 1;
	classes = {
	};
	objectVersion = 56;
	objects = {

/* Begin PBXBuildFile section */
		F3A0064B29E518D7004D1334 /* AppDelegate.swift in Sources */ = {isa = PBXBuildFile; fileRef = F3A0064A29E518D7004D1334 /* AppDelegate.swift */; };
		F3A0064D29E518D7004D1334 /* SceneDelegate.swift in Sources */ = {isa = PBXBuildFile; fileRef = F3A0064C29E518D7004D1334 /* SceneDelegate.swift */; };
		F3A0064F29E518D7004D1334 /* ViewController.swift in Sources */ = {isa = PBXBuildFile; fileRef = F3A0064E29E518D7004D1334 /* ViewController.swift */; };
		F3A0065729E518D8004D1334 /* Assets.xcassets in Resources */ = {isa = PBXBuildFile; fileRef = F3A0065629E518D8004D1334 /* Assets.xcassets */; };
		F3A0065A29E518D8004D1334 /* LaunchScreen.storyboard in Resources */ = {isa = PBXBuildFile; fileRef = F3A0065829E518D8004D1334 /* LaunchScreen.storyboard */; };
		F3A0066F29E518D8004D1334 /* FormEngineUITests.swift in Sources */ = {isa = PBXBuildFile; fileRef = F3A0066E29E518D8004D1334 /* FormEngineUITests.swift */; };
		F3A0067129E518D8004D1334 /* FormEngineUITestsLaunchTests.swift in Sources */ = {isa = PBXBuildFile; fileRef = F3A0067029E518D8004D1334 /* FormEngineUITestsLaunchTests.swift */; };
		F3A0067F29E51935004D1334 /* FormGeneratorView.swift in Sources */ = {isa = PBXBuildFile; fileRef = F3A0067E29E51935004D1334 /* FormGeneratorView.swift */; };
		F3A0068129E51996004D1334 /* FormGeneratorCell.swift in Sources */ = {isa = PBXBuildFile; fileRef = F3A0068029E51996004D1334 /* FormGeneratorCell.swift */; };
		F3A0068329E51DA6004D1334 /* Form.swift in Sources */ = {isa = PBXBuildFile; fileRef = F3A0068229E51DA6004D1334 /* Form.swift */; };
		F3A0068529E5208C004D1334 /* FormUnknownCell.swift in Sources */ = {isa = PBXBuildFile; fileRef = F3A0068429E5208C004D1334 /* FormUnknownCell.swift */; };
		F3A0068729E5249C004D1334 /* form.json in Resources */ = {isa = PBXBuildFile; fileRef = F3A0068629E5249C004D1334 /* form.json */; };
		F3A0068929E524F7004D1334 /* ModelData.swift in Sources */ = {isa = PBXBuildFile; fileRef = F3A0068829E524F7004D1334 /* ModelData.swift */; };
		F3A0068E29E63869004D1334 /* FormTitleCell.swift in Sources */ = {isa = PBXBuildFile; fileRef = F3A0068D29E63869004D1334 /* FormTitleCell.swift */; };
		F3A0069029E63B8D004D1334 /* FormTextFieldCell.swift in Sources */ = {isa = PBXBuildFile; fileRef = F3A0068F29E63B8D004D1334 /* FormTextFieldCell.swift */; };
		F3A0069229E63C46004D1334 /* FormView.swift in Sources */ = {isa = PBXBuildFile; fileRef = F3A0069129E63C46004D1334 /* FormView.swift */; };
		F3A0069729E63D4A004D1334 /* FormTextField.swift in Sources */ = {isa = PBXBuildFile; fileRef = F3A0069629E63D4A004D1334 /* FormTextField.swift */; };
		F3A0069B29E6414B004D1334 /* TableView.swift in Sources */ = {isa = PBXBuildFile; fileRef = F3A0069A29E6414B004D1334 /* TableView.swift */; };
		F3A0069D29E65A61004D1334 /* FormButtonCell.swift in Sources */ = {isa = PBXBuildFile; fileRef = F3A0069C29E65A61004D1334 /* FormButtonCell.swift */; };
		F3A0069F29E660DF004D1334 /* FormGeneratorLogger.swift in Sources */ = {isa = PBXBuildFile; fileRef = F3A0069E29E660DF004D1334 /* FormGeneratorLogger.swift */; };
		F3A006A129E7AA34004D1334 /* FormGeneratorValidator.swift in Sources */ = {isa = PBXBuildFile; fileRef = F3A006A029E7AA34004D1334 /* FormGeneratorValidator.swift */; };
		F3A006A329E9D7D5004D1334 /* FormPickerField.swift in Sources */ = {isa = PBXBuildFile; fileRef = F3A006A229E9D7D5004D1334 /* FormPickerField.swift */; };
		F3A006A529E9DAFB004D1334 /* FormPickerFieldCell.swift in Sources */ = {isa = PBXBuildFile; fileRef = F3A006A429E9DAFB004D1334 /* FormPickerFieldCell.swift */; };
		F3A006A829E9E2F2004D1334 /* PickerField.swift in Sources */ = {isa = PBXBuildFile; fileRef = F3A006A729E9E2F2004D1334 /* PickerField.swift */; };
		F3A006AA29E9F777004D1334 /* PasswordField.swift in Sources */ = {isa = PBXBuildFile; fileRef = F3A006A929E9F777004D1334 /* PasswordField.swift */; };
		F3A006AC29E9F9F1004D1334 /* FormPasswordFieldCell.swift in Sources */ = {isa = PBXBuildFile; fileRef = F3A006AB29E9F9F1004D1334 /* FormPasswordFieldCell.swift */; };
		F3A006AE29E9FA40004D1334 /* FormPasswordField.swift in Sources */ = {isa = PBXBuildFile; fileRef = F3A006AD29E9FA40004D1334 /* FormPasswordField.swift */; };
		F3A006B029E9FB87004D1334 /* FormRowType.swift in Sources */ = {isa = PBXBuildFile; fileRef = F3A006AF29E9FB87004D1334 /* FormRowType.swift */; };
		F3A006BA29E9FE16004D1334 /* FormRowType+Cell.swift in Sources */ = {isa = PBXBuildFile; fileRef = F3A006B929E9FE16004D1334 /* FormRowType+Cell.swift */; };
		F3A006BC29E9FEAE004D1334 /* FormGeneratorTests.swift in Sources */ = {isa = PBXBuildFile; fileRef = F3A006BB29E9FEAE004D1334 /* FormGeneratorTests.swift */; };
		F3A006BF29EA1485004D1334 /* PickerItem.swift in Sources */ = {isa = PBXBuildFile; fileRef = F3A006BE29EA1485004D1334 /* PickerItem.swift */; };
		F3A006C829EA190B004D1334 /* FormKeyboardType.swift in Sources */ = {isa = PBXBuildFile; fileRef = F3A006C729EA190B004D1334 /* FormKeyboardType.swift */; };
/* End PBXBuildFile section */

/* Begin PBXContainerItemProxy section */
		F3A0066129E518D8004D1334 /* PBXContainerItemProxy */ = {
			isa = PBXContainerItemProxy;
			containerPortal = F3A0063F29E518D7004D1334 /* Project object */;
			proxyType = 1;
			remoteGlobalIDString = F3A0064629E518D7004D1334;
			remoteInfo = FormEngine;
		};
		F3A0066B29E518D8004D1334 /* PBXContainerItemProxy */ = {
			isa = PBXContainerItemProxy;
			containerPortal = F3A0063F29E518D7004D1334 /* Project object */;
			proxyType = 1;
			remoteGlobalIDString = F3A0064629E518D7004D1334;
			remoteInfo = FormEngine;
		};
/* End PBXContainerItemProxy section */

/* Begin PBXFileReference section */
		F3A0064729E518D7004D1334 /* FormEngine.app */ = {isa = PBXFileReference; explicitFileType = wrapper.application; includeInIndex = 0; path = FormEngine.app; sourceTree = BUILT_PRODUCTS_DIR; };
		F3A0064A29E518D7004D1334 /* AppDelegate.swift */ = {isa = PBXFileReference; lastKnownFileType = sourcecode.swift; path = AppDelegate.swift; sourceTree = "<group>"; };
		F3A0064C29E518D7004D1334 /* SceneDelegate.swift */ = {isa = PBXFileReference; lastKnownFileType = sourcecode.swift; path = SceneDelegate.swift; sourceTree = "<group>"; };
		F3A0064E29E518D7004D1334 /* ViewController.swift */ = {isa = PBXFileReference; lastKnownFileType = sourcecode.swift; path = ViewController.swift; sourceTree = "<group>"; };
		F3A0065629E518D8004D1334 /* Assets.xcassets */ = {isa = PBXFileReference; lastKnownFileType = folder.assetcatalog; path = Assets.xcassets; sourceTree = "<group>"; };
		F3A0065929E518D8004D1334 /* Base */ = {isa = PBXFileReference; lastKnownFileType = file.storyboard; name = Base; path = Base.lproj/LaunchScreen.storyboard; sourceTree = "<group>"; };
		F3A0065B29E518D8004D1334 /* Info.plist */ = {isa = PBXFileReference; lastKnownFileType = text.plist.xml; path = Info.plist; sourceTree = "<group>"; };
		F3A0066029E518D8004D1334 /* FormEngineTests.xctest */ = {isa = PBXFileReference; explicitFileType = wrapper.cfbundle; includeInIndex = 0; path = FormEngineTests.xctest; sourceTree = BUILT_PRODUCTS_DIR; };
		F3A0066A29E518D8004D1334 /* FormEngineUITests.xctest */ = {isa = PBXFileReference; explicitFileType = wrapper.cfbundle; includeInIndex = 0; path = FormEngineUITests.xctest; sourceTree = BUILT_PRODUCTS_DIR; };
		F3A0066E29E518D8004D1334 /* FormEngineUITests.swift */ = {isa = PBXFileReference; lastKnownFileType = sourcecode.swift; path = FormEngineUITests.swift; sourceTree = "<group>"; };
		F3A0067029E518D8004D1334 /* FormEngineUITestsLaunchTests.swift */ = {isa = PBXFileReference; lastKnownFileType = sourcecode.swift; path = FormEngineUITestsLaunchTests.swift; sourceTree = "<group>"; };
		F3A0067E29E51935004D1334 /* FormGeneratorView.swift */ = {isa = PBXFileReference; lastKnownFileType = sourcecode.swift; path = FormGeneratorView.swift; sourceTree = "<group>"; };
		F3A0068029E51996004D1334 /* FormGeneratorCell.swift */ = {isa = PBXFileReference; lastKnownFileType = sourcecode.swift; path = FormGeneratorCell.swift; sourceTree = "<group>"; };
		F3A0068229E51DA6004D1334 /* Form.swift */ = {isa = PBXFileReference; lastKnownFileType = sourcecode.swift; path = Form.swift; sourceTree = "<group>"; };
		F3A0068429E5208C004D1334 /* FormUnknownCell.swift */ = {isa = PBXFileReference; lastKnownFileType = sourcecode.swift; path = FormUnknownCell.swift; sourceTree = "<group>"; };
		F3A0068629E5249C004D1334 /* form.json */ = {isa = PBXFileReference; lastKnownFileType = text.json; path = form.json; sourceTree = "<group>"; };
		F3A0068829E524F7004D1334 /* ModelData.swift */ = {isa = PBXFileReference; lastKnownFileType = sourcecode.swift; path = ModelData.swift; sourceTree = "<group>"; };
		F3A0068D29E63869004D1334 /* FormTitleCell.swift */ = {isa = PBXFileReference; lastKnownFileType = sourcecode.swift; path = FormTitleCell.swift; sourceTree = "<group>"; };
		F3A0068F29E63B8D004D1334 /* FormTextFieldCell.swift */ = {isa = PBXFileReference; lastKnownFileType = sourcecode.swift; path = FormTextFieldCell.swift; sourceTree = "<group>"; };
		F3A0069129E63C46004D1334 /* FormView.swift */ = {isa = PBXFileReference; lastKnownFileType = sourcecode.swift; path = FormView.swift; sourceTree = "<group>"; };
		F3A0069629E63D4A004D1334 /* FormTextField.swift */ = {isa = PBXFileReference; lastKnownFileType = sourcecode.swift; path = FormTextField.swift; sourceTree = "<group>"; };
		F3A0069A29E6414B004D1334 /* TableView.swift */ = {isa = PBXFileReference; lastKnownFileType = sourcecode.swift; path = TableView.swift; sourceTree = "<group>"; };
		F3A0069C29E65A61004D1334 /* FormButtonCell.swift */ = {isa = PBXFileReference; lastKnownFileType = sourcecode.swift; path = FormButtonCell.swift; sourceTree = "<group>"; };
		F3A0069E29E660DF004D1334 /* FormGeneratorLogger.swift */ = {isa = PBXFileReference; lastKnownFileType = sourcecode.swift; path = FormGeneratorLogger.swift; sourceTree = "<group>"; };
		F3A006A029E7AA34004D1334 /* FormGeneratorValidator.swift */ = {isa = PBXFileReference; lastKnownFileType = sourcecode.swift; path = FormGeneratorValidator.swift; sourceTree = "<group>"; };
		F3A006A229E9D7D5004D1334 /* FormPickerField.swift */ = {isa = PBXFileReference; lastKnownFileType = sourcecode.swift; path = FormPickerField.swift; sourceTree = "<group>"; };
		F3A006A429E9DAFB004D1334 /* FormPickerFieldCell.swift */ = {isa = PBXFileReference; lastKnownFileType = sourcecode.swift; path = FormPickerFieldCell.swift; sourceTree = "<group>"; };
		F3A006A729E9E2F2004D1334 /* PickerField.swift */ = {isa = PBXFileReference; lastKnownFileType = sourcecode.swift; path = PickerField.swift; sourceTree = "<group>"; };
		F3A006A929E9F777004D1334 /* PasswordField.swift */ = {isa = PBXFileReference; lastKnownFileType = sourcecode.swift; path = PasswordField.swift; sourceTree = "<group>"; };
		F3A006AB29E9F9F1004D1334 /* FormPasswordFieldCell.swift */ = {isa = PBXFileReference; lastKnownFileType = sourcecode.swift; path = FormPasswordFieldCell.swift; sourceTree = "<group>"; };
		F3A006AD29E9FA40004D1334 /* FormPasswordField.swift */ = {isa = PBXFileReference; lastKnownFileType = sourcecode.swift; path = FormPasswordField.swift; sourceTree = "<group>"; };
		F3A006AF29E9FB87004D1334 /* FormRowType.swift */ = {isa = PBXFileReference; lastKnownFileType = sourcecode.swift; path = FormRowType.swift; sourceTree = "<group>"; };
		F3A006B929E9FE16004D1334 /* FormRowType+Cell.swift */ = {isa = PBXFileReference; lastKnownFileType = sourcecode.swift; path = "FormRowType+Cell.swift"; sourceTree = "<group>"; };
		F3A006BB29E9FEAE004D1334 /* FormGeneratorTests.swift */ = {isa = PBXFileReference; lastKnownFileType = sourcecode.swift; path = FormGeneratorTests.swift; sourceTree = "<group>"; };
		F3A006BE29EA1485004D1334 /* PickerItem.swift */ = {isa = PBXFileReference; lastKnownFileType = sourcecode.swift; path = PickerItem.swift; sourceTree = "<group>"; };
		F3A006C729EA190B004D1334 /* FormKeyboardType.swift */ = {isa = PBXFileReference; lastKnownFileType = sourcecode.swift; path = FormKeyboardType.swift; sourceTree = "<group>"; };
/* End PBXFileReference section */

/* Begin PBXFrameworksBuildPhase section */
		F3A0064429E518D7004D1334 /* Frameworks */ = {
			isa = PBXFrameworksBuildPhase;
			buildActionMask = 2147483647;
			files = (
			);
			runOnlyForDeploymentPostprocessing = 0;
		};
		F3A0065D29E518D8004D1334 /* Frameworks */ = {
			isa = PBXFrameworksBuildPhase;
			buildActionMask = 2147483647;
			files = (
			);
			runOnlyForDeploymentPostprocessing = 0;
		};
		F3A0066729E518D8004D1334 /* Frameworks */ = {
			isa = PBXFrameworksBuildPhase;
			buildActionMask = 2147483647;
			files = (
			);
			runOnlyForDeploymentPostprocessing = 0;
		};
/* End PBXFrameworksBuildPhase section */

/* Begin PBXGroup section */
		F3A0063E29E518D7004D1334 = {
			isa = PBXGroup;
			children = (
				F3A0064929E518D7004D1334 /* FormEngine */,
				F3A0066329E518D8004D1334 /* FormEngineTests */,
				F3A0066D29E518D8004D1334 /* FormEngineUITests */,
				F3A0064829E518D7004D1334 /* Products */,
			);
			sourceTree = "<group>";
		};
		F3A0064829E518D7004D1334 /* Products */ = {
			isa = PBXGroup;
			children = (
				F3A0064729E518D7004D1334 /* FormEngine.app */,
				F3A0066029E518D8004D1334 /* FormEngineTests.xctest */,
				F3A0066A29E518D8004D1334 /* FormEngineUITests.xctest */,
			);
			name = Products;
			sourceTree = "<group>";
		};
		F3A0064929E518D7004D1334 /* FormEngine */ = {
			isa = PBXGroup;
			children = (
				F3A006B429E9FCA9004D1334 /* System */,
				F3A006B529E9FCCD004D1334 /* Model */,
				F3A0068829E524F7004D1334 /* ModelData.swift */,
				F3A006B129E9FC39004D1334 /* Views */,
				F3A006B229E9FC47004D1334 /* Controllers */,
				F3A006B729E9FCEF004D1334 /* Resources */,
			);
			path = FormEngine;
			sourceTree = "<group>";
		};
		F3A0066329E518D8004D1334 /* FormEngineTests */ = {
			isa = PBXGroup;
			children = (
				F3A006BB29E9FEAE004D1334 /* FormGeneratorTests.swift */,
			);
			path = FormEngineTests;
			sourceTree = "<group>";
		};
		F3A0066D29E518D8004D1334 /* FormEngineUITests */ = {
			isa = PBXGroup;
			children = (
				F3A0066E29E518D8004D1334 /* FormEngineUITests.swift */,
				F3A0067029E518D8004D1334 /* FormEngineUITestsLaunchTests.swift */,
			);
			path = FormEngineUITests;
			sourceTree = "<group>";
		};
		F3A0068C29E63220004D1334 /* FormGenerator */ = {
			isa = PBXGroup;
			children = (
				F3A006B929E9FE16004D1334 /* FormRowType+Cell.swift */,
				F3A0067E29E51935004D1334 /* FormGeneratorView.swift */,
				F3A006A029E7AA34004D1334 /* FormGeneratorValidator.swift */,
				F3A0068029E51996004D1334 /* FormGeneratorCell.swift */,
				F3A0068429E5208C004D1334 /* FormUnknownCell.swift */,
				F3A0069E29E660DF004D1334 /* FormGeneratorLogger.swift */,
			);
			path = FormGenerator;
			sourceTree = "<group>";
		};
		F3A0069429E63CBC004D1334 /* Form */ = {
			isa = PBXGroup;
			children = (
				F3A0069629E63D4A004D1334 /* FormTextField.swift */,
				F3A006A229E9D7D5004D1334 /* FormPickerField.swift */,
				F3A006AD29E9FA40004D1334 /* FormPasswordField.swift */,
				F3A0069829E63DA2004D1334 /* Cell */,
				F3A0068C29E63220004D1334 /* FormGenerator */,
			);
			path = Form;
			sourceTree = "<group>";
		};
		F3A0069829E63DA2004D1334 /* Cell */ = {
			isa = PBXGroup;
			children = (
				F3A0068D29E63869004D1334 /* FormTitleCell.swift */,
				F3A0069C29E65A61004D1334 /* FormButtonCell.swift */,
				F3A0068F29E63B8D004D1334 /* FormTextFieldCell.swift */,
				F3A006A429E9DAFB004D1334 /* FormPickerFieldCell.swift */,
				F3A006AB29E9F9F1004D1334 /* FormPasswordFieldCell.swift */,
			);
			path = Cell;
			sourceTree = "<group>";
		};
		F3A0069929E6413E004D1334 /* Common */ = {
			isa = PBXGroup;
			children = (
				F3A0069129E63C46004D1334 /* FormView.swift */,
				F3A006A729E9E2F2004D1334 /* PickerField.swift */,
				F3A006A929E9F777004D1334 /* PasswordField.swift */,
			);
			path = Common;
			sourceTree = "<group>";
		};
		F3A006B129E9FC39004D1334 /* Views */ = {
			isa = PBXGroup;
			children = (
				F3A006B329E9FC82004D1334 /* Base */,
				F3A0069929E6413E004D1334 /* Common */,
				F3A0069429E63CBC004D1334 /* Form */,
			);
			path = Views;
			sourceTree = "<group>";
		};
		F3A006B229E9FC47004D1334 /* Controllers */ = {
			isa = PBXGroup;
			children = (
				F3A0064E29E518D7004D1334 /* ViewController.swift */,
			);
			path = Controllers;
			sourceTree = "<group>";
		};
		F3A006B329E9FC82004D1334 /* Base */ = {
			isa = PBXGroup;
			children = (
				F3A0069A29E6414B004D1334 /* TableView.swift */,
			);
			path = Base;
			sourceTree = "<group>";
		};
		F3A006B429E9FCA9004D1334 /* System */ = {
			isa = PBXGroup;
			children = (
				F3A0064A29E518D7004D1334 /* AppDelegate.swift */,
				F3A0064C29E518D7004D1334 /* SceneDelegate.swift */,
			);
			path = System;
			sourceTree = "<group>";
		};
		F3A006B529E9FCCD004D1334 /* Model */ = {
			isa = PBXGroup;
			children = (
				F3A006BD29EA1475004D1334 /* Picker */,
				F3A006B629E9FCDB004D1334 /* Form */,
			);
			path = Model;
			sourceTree = "<group>";
		};
		F3A006B629E9FCDB004D1334 /* Form */ = {
			isa = PBXGroup;
			children = (
				F3A0068229E51DA6004D1334 /* Form.swift */,
				F3A006AF29E9FB87004D1334 /* FormRowType.swift */,
				F3A006C729EA190B004D1334 /* FormKeyboardType.swift */,
				F3A0068629E5249C004D1334 /* form.json */,
			);
			path = Form;
			sourceTree = "<group>";
		};
		F3A006B729E9FCEF004D1334 /* Resources */ = {
			isa = PBXGroup;
			children = (
				F3A0065629E518D8004D1334 /* Assets.xcassets */,
				F3A0065829E518D8004D1334 /* LaunchScreen.storyboard */,
				F3A0065B29E518D8004D1334 /* Info.plist */,
			);
			path = Resources;
			sourceTree = "<group>";
		};
		F3A006BD29EA1475004D1334 /* Picker */ = {
			isa = PBXGroup;
			children = (
				F3A006BE29EA1485004D1334 /* PickerItem.swift */,
			);
			path = Picker;
			sourceTree = "<group>";
		};
/* End PBXGroup section */

/* Begin PBXNativeTarget section */
		F3A0064629E518D7004D1334 /* FormEngine */ = {
			isa = PBXNativeTarget;
			buildConfigurationList = F3A0067429E518D8004D1334 /* Build configuration list for PBXNativeTarget "FormEngine" */;
			buildPhases = (
				F3A0064329E518D7004D1334 /* Sources */,
				F3A0064429E518D7004D1334 /* Frameworks */,
				F3A0064529E518D7004D1334 /* Resources */,
			);
			buildRules = (
			);
			dependencies = (
			);
			name = FormEngine;
			productName = FormEngine;
			productReference = F3A0064729E518D7004D1334 /* FormEngine.app */;
			productType = "com.apple.product-type.application";
		};
		F3A0065F29E518D8004D1334 /* FormEngineTests */ = {
			isa = PBXNativeTarget;
			buildConfigurationList = F3A0067729E518D8004D1334 /* Build configuration list for PBXNativeTarget "FormEngineTests" */;
			buildPhases = (
				F3A0065C29E518D8004D1334 /* Sources */,
				F3A0065D29E518D8004D1334 /* Frameworks */,
				F3A0065E29E518D8004D1334 /* Resources */,
			);
			buildRules = (
			);
			dependencies = (
				F3A0066229E518D8004D1334 /* PBXTargetDependency */,
			);
			name = FormEngineTests;
			productName = FormEngineTests;
			productReference = F3A0066029E518D8004D1334 /* FormEngineTests.xctest */;
			productType = "com.apple.product-type.bundle.unit-test";
		};
		F3A0066929E518D8004D1334 /* FormEngineUITests */ = {
			isa = PBXNativeTarget;
			buildConfigurationList = F3A0067A29E518D8004D1334 /* Build configuration list for PBXNativeTarget "FormEngineUITests" */;
			buildPhases = (
				F3A0066629E518D8004D1334 /* Sources */,
				F3A0066729E518D8004D1334 /* Frameworks */,
				F3A0066829E518D8004D1334 /* Resources */,
			);
			buildRules = (
			);
			dependencies = (
				F3A0066C29E518D8004D1334 /* PBXTargetDependency */,
			);
			name = FormEngineUITests;
			productName = FormEngineUITests;
			productReference = F3A0066A29E518D8004D1334 /* FormEngineUITests.xctest */;
			productType = "com.apple.product-type.bundle.ui-testing";
		};
/* End PBXNativeTarget section */

/* Begin PBXProject section */
		F3A0063F29E518D7004D1334 /* Project object */ = {
			isa = PBXProject;
			attributes = {
				BuildIndependentTargetsInParallel = 1;
				LastSwiftUpdateCheck = 1410;
				LastUpgradeCheck = 1410;
				TargetAttributes = {
					F3A0064629E518D7004D1334 = {
						CreatedOnToolsVersion = 14.1;
					};
					F3A0065F29E518D8004D1334 = {
						CreatedOnToolsVersion = 14.1;
						TestTargetID = F3A0064629E518D7004D1334;
					};
					F3A0066929E518D8004D1334 = {
						CreatedOnToolsVersion = 14.1;
						TestTargetID = F3A0064629E518D7004D1334;
					};
				};
			};
			buildConfigurationList = F3A0064229E518D7004D1334 /* Build configuration list for PBXProject "FormEngine" */;
			compatibilityVersion = "Xcode 14.0";
			developmentRegion = en;
			hasScannedForEncodings = 0;
			knownRegions = (
				en,
				Base,
			);
			mainGroup = F3A0063E29E518D7004D1334;
			productRefGroup = F3A0064829E518D7004D1334 /* Products */;
			projectDirPath = "";
			projectRoot = "";
			targets = (
				F3A0064629E518D7004D1334 /* FormEngine */,
				F3A0065F29E518D8004D1334 /* FormEngineTests */,
				F3A0066929E518D8004D1334 /* FormEngineUITests */,
			);
		};
/* End PBXProject section */

/* Begin PBXResourcesBuildPhase section */
		F3A0064529E518D7004D1334 /* Resources */ = {
			isa = PBXResourcesBuildPhase;
			buildActionMask = 2147483647;
			files = (
				F3A0065A29E518D8004D1334 /* LaunchScreen.storyboard in Resources */,
				F3A0068729E5249C004D1334 /* form.json in Resources */,
				F3A0065729E518D8004D1334 /* Assets.xcassets in Resources */,
			);
			runOnlyForDeploymentPostprocessing = 0;
		};
		F3A0065E29E518D8004D1334 /* Resources */ = {
			isa = PBXResourcesBuildPhase;
			buildActionMask = 2147483647;
			files = (
			);
			runOnlyForDeploymentPostprocessing = 0;
		};
		F3A0066829E518D8004D1334 /* Resources */ = {
			isa = PBXResourcesBuildPhase;
			buildActionMask = 2147483647;
			files = (
			);
			runOnlyForDeploymentPostprocessing = 0;
		};
/* End PBXResourcesBuildPhase section */

/* Begin PBXSourcesBuildPhase section */
		F3A0064329E518D7004D1334 /* Sources */ = {
			isa = PBXSourcesBuildPhase;
			buildActionMask = 2147483647;
			files = (
				F3A006A529E9DAFB004D1334 /* FormPickerFieldCell.swift in Sources */,
				F3A006A329E9D7D5004D1334 /* FormPickerField.swift in Sources */,
				F3A006B029E9FB87004D1334 /* FormRowType.swift in Sources */,
				F3A0069229E63C46004D1334 /* FormView.swift in Sources */,
				F3A0064F29E518D7004D1334 /* ViewController.swift in Sources */,
				F3A006AA29E9F777004D1334 /* PasswordField.swift in Sources */,
				F3A0069029E63B8D004D1334 /* FormTextFieldCell.swift in Sources */,
				F3A0069B29E6414B004D1334 /* TableView.swift in Sources */,
				F3A006A829E9E2F2004D1334 /* PickerField.swift in Sources */,
				F3A006AC29E9F9F1004D1334 /* FormPasswordFieldCell.swift in Sources */,
				F3A0068929E524F7004D1334 /* ModelData.swift in Sources */,
				F3A0064B29E518D7004D1334 /* AppDelegate.swift in Sources */,
				F3A0068E29E63869004D1334 /* FormTitleCell.swift in Sources */,
				F3A006AE29E9FA40004D1334 /* FormPasswordField.swift in Sources */,
				F3A006A129E7AA34004D1334 /* FormGeneratorValidator.swift in Sources */,
				F3A0064D29E518D7004D1334 /* SceneDelegate.swift in Sources */,
				F3A0069D29E65A61004D1334 /* FormButtonCell.swift in Sources */,
				F3A006BF29EA1485004D1334 /* PickerItem.swift in Sources */,
				F3A0068529E5208C004D1334 /* FormUnknownCell.swift in Sources */,
				F3A0068129E51996004D1334 /* FormGeneratorCell.swift in Sources */,
				F3A0069729E63D4A004D1334 /* FormTextField.swift in Sources */,
				F3A0068329E51DA6004D1334 /* Form.swift in Sources */,
				F3A006C829EA190B004D1334 /* FormKeyboardType.swift in Sources */,
				F3A0067F29E51935004D1334 /* FormGeneratorView.swift in Sources */,
				F3A006BA29E9FE16004D1334 /* FormRowType+Cell.swift in Sources */,
				F3A0069F29E660DF004D1334 /* FormGeneratorLogger.swift in Sources */,
			);
			runOnlyForDeploymentPostprocessing = 0;
		};
		F3A0065C29E518D8004D1334 /* Sources */ = {
			isa = PBXSourcesBuildPhase;
			buildActionMask = 2147483647;
			files = (
				F3A006BC29E9FEAE004D1334 /* FormGeneratorTests.swift in Sources */,
			);
			runOnlyForDeploymentPostprocessing = 0;
		};
		F3A0066629E518D8004D1334 /* Sources */ = {
			isa = PBXSourcesBuildPhase;
			buildActionMask = 2147483647;
			files = (
				F3A0067129E518D8004D1334 /* FormEngineUITestsLaunchTests.swift in Sources */,
				F3A0066F29E518D8004D1334 /* FormEngineUITests.swift in Sources */,
			);
			runOnlyForDeploymentPostprocessing = 0;
		};
/* End PBXSourcesBuildPhase section */

/* Begin PBXTargetDependency section */
		F3A0066229E518D8004D1334 /* PBXTargetDependency */ = {
			isa = PBXTargetDependency;
			target = F3A0064629E518D7004D1334 /* FormEngine */;
			targetProxy = F3A0066129E518D8004D1334 /* PBXContainerItemProxy */;
		};
		F3A0066C29E518D8004D1334 /* PBXTargetDependency */ = {
			isa = PBXTargetDependency;
			target = F3A0064629E518D7004D1334 /* FormEngine */;
			targetProxy = F3A0066B29E518D8004D1334 /* PBXContainerItemProxy */;
		};
/* End PBXTargetDependency section */

/* Begin PBXVariantGroup section */
		F3A0065829E518D8004D1334 /* LaunchScreen.storyboard */ = {
			isa = PBXVariantGroup;
			children = (
				F3A0065929E518D8004D1334 /* Base */,
			);
			name = LaunchScreen.storyboard;
			sourceTree = "<group>";
		};
/* End PBXVariantGroup section */

/* Begin XCBuildConfiguration section */
		F3A0067229E518D8004D1334 /* Debug */ = {
			isa = XCBuildConfiguration;
			buildSettings = {
				ALWAYS_SEARCH_USER_PATHS = NO;
				CLANG_ANALYZER_NONNULL = YES;
				CLANG_ANALYZER_NUMBER_OBJECT_CONVERSION = YES_AGGRESSIVE;
				CLANG_CXX_LANGUAGE_STANDARD = "gnu++20";
				CLANG_ENABLE_MODULES = YES;
				CLANG_ENABLE_OBJC_ARC = YES;
				CLANG_ENABLE_OBJC_WEAK = YES;
				CLANG_WARN_BLOCK_CAPTURE_AUTORELEASING = YES;
				CLANG_WARN_BOOL_CONVERSION = YES;
				CLANG_WARN_COMMA = YES;
				CLANG_WARN_CONSTANT_CONVERSION = YES;
				CLANG_WARN_DEPRECATED_OBJC_IMPLEMENTATIONS = YES;
				CLANG_WARN_DIRECT_OBJC_ISA_USAGE = YES_ERROR;
				CLANG_WARN_DOCUMENTATION_COMMENTS = YES;
				CLANG_WARN_EMPTY_BODY = YES;
				CLANG_WARN_ENUM_CONVERSION = YES;
				CLANG_WARN_INFINITE_RECURSION = YES;
				CLANG_WARN_INT_CONVERSION = YES;
				CLANG_WARN_NON_LITERAL_NULL_CONVERSION = YES;
				CLANG_WARN_OBJC_IMPLICIT_RETAIN_SELF = YES;
				CLANG_WARN_OBJC_LITERAL_CONVERSION = YES;
				CLANG_WARN_OBJC_ROOT_CLASS = YES_ERROR;
				CLANG_WARN_QUOTED_INCLUDE_IN_FRAMEWORK_HEADER = YES;
				CLANG_WARN_RANGE_LOOP_ANALYSIS = YES;
				CLANG_WARN_STRICT_PROTOTYPES = YES;
				CLANG_WARN_SUSPICIOUS_MOVE = YES;
				CLANG_WARN_UNGUARDED_AVAILABILITY = YES_AGGRESSIVE;
				CLANG_WARN_UNREACHABLE_CODE = YES;
				CLANG_WARN__DUPLICATE_METHOD_MATCH = YES;
				COPY_PHASE_STRIP = NO;
				DEBUG_INFORMATION_FORMAT = dwarf;
				ENABLE_STRICT_OBJC_MSGSEND = YES;
				ENABLE_TESTABILITY = YES;
				GCC_C_LANGUAGE_STANDARD = gnu11;
				GCC_DYNAMIC_NO_PIC = NO;
				GCC_NO_COMMON_BLOCKS = YES;
				GCC_OPTIMIZATION_LEVEL = 0;
				GCC_PREPROCESSOR_DEFINITIONS = (
					"DEBUG=1",
					"$(inherited)",
				);
				GCC_WARN_64_TO_32_BIT_CONVERSION = YES;
				GCC_WARN_ABOUT_RETURN_TYPE = YES_ERROR;
				GCC_WARN_UNDECLARED_SELECTOR = YES;
				GCC_WARN_UNINITIALIZED_AUTOS = YES_AGGRESSIVE;
				GCC_WARN_UNUSED_FUNCTION = YES;
				GCC_WARN_UNUSED_VARIABLE = YES;
				IPHONEOS_DEPLOYMENT_TARGET = 16.1;
				MTL_ENABLE_DEBUG_INFO = INCLUDE_SOURCE;
				MTL_FAST_MATH = YES;
				ONLY_ACTIVE_ARCH = YES;
				SDKROOT = iphoneos;
				SWIFT_ACTIVE_COMPILATION_CONDITIONS = DEBUG;
				SWIFT_OPTIMIZATION_LEVEL = "-Onone";
			};
			name = Debug;
		};
		F3A0067329E518D8004D1334 /* Release */ = {
			isa = XCBuildConfiguration;
			buildSettings = {
				ALWAYS_SEARCH_USER_PATHS = NO;
				CLANG_ANALYZER_NONNULL = YES;
				CLANG_ANALYZER_NUMBER_OBJECT_CONVERSION = YES_AGGRESSIVE;
				CLANG_CXX_LANGUAGE_STANDARD = "gnu++20";
				CLANG_ENABLE_MODULES = YES;
				CLANG_ENABLE_OBJC_ARC = YES;
				CLANG_ENABLE_OBJC_WEAK = YES;
				CLANG_WARN_BLOCK_CAPTURE_AUTORELEASING = YES;
				CLANG_WARN_BOOL_CONVERSION = YES;
				CLANG_WARN_COMMA = YES;
				CLANG_WARN_CONSTANT_CONVERSION = YES;
				CLANG_WARN_DEPRECATED_OBJC_IMPLEMENTATIONS = YES;
				CLANG_WARN_DIRECT_OBJC_ISA_USAGE = YES_ERROR;
				CLANG_WARN_DOCUMENTATION_COMMENTS = YES;
				CLANG_WARN_EMPTY_BODY = YES;
				CLANG_WARN_ENUM_CONVERSION = YES;
				CLANG_WARN_INFINITE_RECURSION = YES;
				CLANG_WARN_INT_CONVERSION = YES;
				CLANG_WARN_NON_LITERAL_NULL_CONVERSION = YES;
				CLANG_WARN_OBJC_IMPLICIT_RETAIN_SELF = YES;
				CLANG_WARN_OBJC_LITERAL_CONVERSION = YES;
				CLANG_WARN_OBJC_ROOT_CLASS = YES_ERROR;
				CLANG_WARN_QUOTED_INCLUDE_IN_FRAMEWORK_HEADER = YES;
				CLANG_WARN_RANGE_LOOP_ANALYSIS = YES;
				CLANG_WARN_STRICT_PROTOTYPES = YES;
				CLANG_WARN_SUSPICIOUS_MOVE = YES;
				CLANG_WARN_UNGUARDED_AVAILABILITY = YES_AGGRESSIVE;
				CLANG_WARN_UNREACHABLE_CODE = YES;
				CLANG_WARN__DUPLICATE_METHOD_MATCH = YES;
				COPY_PHASE_STRIP = NO;
				DEBUG_INFORMATION_FORMAT = "dwarf-with-dsym";
				ENABLE_NS_ASSERTIONS = NO;
				ENABLE_STRICT_OBJC_MSGSEND = YES;
				GCC_C_LANGUAGE_STANDARD = gnu11;
				GCC_NO_COMMON_BLOCKS = YES;
				GCC_WARN_64_TO_32_BIT_CONVERSION = YES;
				GCC_WARN_ABOUT_RETURN_TYPE = YES_ERROR;
				GCC_WARN_UNDECLARED_SELECTOR = YES;
				GCC_WARN_UNINITIALIZED_AUTOS = YES_AGGRESSIVE;
				GCC_WARN_UNUSED_FUNCTION = YES;
				GCC_WARN_UNUSED_VARIABLE = YES;
				IPHONEOS_DEPLOYMENT_TARGET = 16.1;
				MTL_ENABLE_DEBUG_INFO = NO;
				MTL_FAST_MATH = YES;
				SDKROOT = iphoneos;
				SWIFT_COMPILATION_MODE = wholemodule;
				SWIFT_OPTIMIZATION_LEVEL = "-O";
				VALIDATE_PRODUCT = YES;
			};
			name = Release;
		};
		F3A0067529E518D8004D1334 /* Debug */ = {
			isa = XCBuildConfiguration;
			buildSettings = {
				ASSETCATALOG_COMPILER_APPICON_NAME = AppIcon;
				ASSETCATALOG_COMPILER_GLOBAL_ACCENT_COLOR_NAME = AccentColor;
				CODE_SIGN_STYLE = Automatic;
				CURRENT_PROJECT_VERSION = 1;
				DEVELOPMENT_TEAM = 6HCGREW92J;
				GENERATE_INFOPLIST_FILE = YES;
				INFOPLIST_FILE = FormEngine/Resources/Info.plist;
				INFOPLIST_KEY_UIApplicationSupportsIndirectInputEvents = YES;
				INFOPLIST_KEY_UILaunchStoryboardName = LaunchScreen;
				INFOPLIST_KEY_UISupportedInterfaceOrientations_iPad = "UIInterfaceOrientationPortrait UIInterfaceOrientationPortraitUpsideDown UIInterfaceOrientationLandscapeLeft UIInterfaceOrientationLandscapeRight";
				INFOPLIST_KEY_UISupportedInterfaceOrientations_iPhone = "UIInterfaceOrientationPortrait UIInterfaceOrientationLandscapeLeft UIInterfaceOrientationLandscapeRight";
				LD_RUNPATH_SEARCH_PATHS = (
					"$(inherited)",
					"@executable_path/Frameworks",
				);
				MARKETING_VERSION = 1.0;
				PRODUCT_BUNDLE_IDENTIFIER = com.nextquest.FormEngine;
				PRODUCT_NAME = "$(TARGET_NAME)";
				SWIFT_EMIT_LOC_STRINGS = YES;
				SWIFT_VERSION = 5.0;
				TARGETED_DEVICE_FAMILY = "1,2";
			};
			name = Debug;
		};
		F3A0067629E518D8004D1334 /* Release */ = {
			isa = XCBuildConfiguration;
			buildSettings = {
				ASSETCATALOG_COMPILER_APPICON_NAME = AppIcon;
				ASSETCATALOG_COMPILER_GLOBAL_ACCENT_COLOR_NAME = AccentColor;
				CODE_SIGN_STYLE = Automatic;
				CURRENT_PROJECT_VERSION = 1;
				DEVELOPMENT_TEAM = 6HCGREW92J;
				GENERATE_INFOPLIST_FILE = YES;
				INFOPLIST_FILE = FormEngine/Resources/Info.plist;
				INFOPLIST_KEY_UIApplicationSupportsIndirectInputEvents = YES;
				INFOPLIST_KEY_UILaunchStoryboardName = LaunchScreen;
				INFOPLIST_KEY_UISupportedInterfaceOrientations_iPad = "UIInterfaceOrientationPortrait UIInterfaceOrientationPortraitUpsideDown UIInterfaceOrientationLandscapeLeft UIInterfaceOrientationLandscapeRight";
				INFOPLIST_KEY_UISupportedInterfaceOrientations_iPhone = "UIInterfaceOrientationPortrait UIInterfaceOrientationLandscapeLeft UIInterfaceOrientationLandscapeRight";
				LD_RUNPATH_SEARCH_PATHS = (
					"$(inherited)",
					"@executable_path/Frameworks",
				);
				MARKETING_VERSION = 1.0;
				PRODUCT_BUNDLE_IDENTIFIER = com.nextquest.FormEngine;
				PRODUCT_NAME = "$(TARGET_NAME)";
				SWIFT_EMIT_LOC_STRINGS = YES;
				SWIFT_VERSION = 5.0;
				TARGETED_DEVICE_FAMILY = "1,2";
			};
			name = Release;
		};
		F3A0067829E518D8004D1334 /* Debug */ = {
			isa = XCBuildConfiguration;
			buildSettings = {
				ALWAYS_EMBED_SWIFT_STANDARD_LIBRARIES = YES;
				BUNDLE_LOADER = "$(TEST_HOST)";
				CODE_SIGN_STYLE = Automatic;
				CURRENT_PROJECT_VERSION = 1;
				DEVELOPMENT_TEAM = 6HCGREW92J;
				GENERATE_INFOPLIST_FILE = YES;
				IPHONEOS_DEPLOYMENT_TARGET = 16.1;
				MARKETING_VERSION = 1.0;
				PRODUCT_BUNDLE_IDENTIFIER = com.nextquest.FormEngineTests;
				PRODUCT_NAME = "$(TARGET_NAME)";
				SWIFT_EMIT_LOC_STRINGS = NO;
				SWIFT_VERSION = 5.0;
				TARGETED_DEVICE_FAMILY = "1,2";
				TEST_HOST = "$(BUILT_PRODUCTS_DIR)/FormEngine.app/$(BUNDLE_EXECUTABLE_FOLDER_PATH)/FormEngine";
			};
			name = Debug;
		};
		F3A0067929E518D8004D1334 /* Release */ = {
			isa = XCBuildConfiguration;
			buildSettings = {
				ALWAYS_EMBED_SWIFT_STANDARD_LIBRARIES = YES;
				BUNDLE_LOADER = "$(TEST_HOST)";
				CODE_SIGN_STYLE = Automatic;
				CURRENT_PROJECT_VERSION = 1;
				DEVELOPMENT_TEAM = 6HCGREW92J;
				GENERATE_INFOPLIST_FILE = YES;
				IPHONEOS_DEPLOYMENT_TARGET = 16.1;
				MARKETING_VERSION = 1.0;
				PRODUCT_BUNDLE_IDENTIFIER = com.nextquest.FormEngineTests;
				PRODUCT_NAME = "$(TARGET_NAME)";
				SWIFT_EMIT_LOC_STRINGS = NO;
				SWIFT_VERSION = 5.0;
				TARGETED_DEVICE_FAMILY = "1,2";
				TEST_HOST = "$(BUILT_PRODUCTS_DIR)/FormEngine.app/$(BUNDLE_EXECUTABLE_FOLDER_PATH)/FormEngine";
			};
			name = Release;
		};
		F3A0067B29E518D8004D1334 /* Debug */ = {
			isa = XCBuildConfiguration;
			buildSettings = {
				ALWAYS_EMBED_SWIFT_STANDARD_LIBRARIES = YES;
				CODE_SIGN_STYLE = Automatic;
				CURRENT_PROJECT_VERSION = 1;
				DEVELOPMENT_TEAM = 6HCGREW92J;
				GENERATE_INFOPLIST_FILE = YES;
				MARKETING_VERSION = 1.0;
				PRODUCT_BUNDLE_IDENTIFIER = com.nextquest.FormEngineUITests;
				PRODUCT_NAME = "$(TARGET_NAME)";
				SWIFT_EMIT_LOC_STRINGS = NO;
				SWIFT_VERSION = 5.0;
				TARGETED_DEVICE_FAMILY = "1,2";
				TEST_TARGET_NAME = FormEngine;
			};
			name = Debug;
		};
		F3A0067C29E518D8004D1334 /* Release */ = {
			isa = XCBuildConfiguration;
			buildSettings = {
				ALWAYS_EMBED_SWIFT_STANDARD_LIBRARIES = YES;
				CODE_SIGN_STYLE = Automatic;
				CURRENT_PROJECT_VERSION = 1;
				DEVELOPMENT_TEAM = 6HCGREW92J;
				GENERATE_INFOPLIST_FILE = YES;
				MARKETING_VERSION = 1.0;
				PRODUCT_BUNDLE_IDENTIFIER = com.nextquest.FormEngineUITests;
				PRODUCT_NAME = "$(TARGET_NAME)";
				SWIFT_EMIT_LOC_STRINGS = NO;
				SWIFT_VERSION = 5.0;
				TARGETED_DEVICE_FAMILY = "1,2";
				TEST_TARGET_NAME = FormEngine;
			};
			name = Release;
		};
/* End XCBuildConfiguration section */

/* Begin XCConfigurationList section */
		F3A0064229E518D7004D1334 /* Build configuration list for PBXProject "FormEngine" */ = {
			isa = XCConfigurationList;
			buildConfigurations = (
				F3A0067229E518D8004D1334 /* Debug */,
				F3A0067329E518D8004D1334 /* Release */,
			);
			defaultConfigurationIsVisible = 0;
			defaultConfigurationName = Release;
		};
		F3A0067429E518D8004D1334 /* Build configuration list for PBXNativeTarget "FormEngine" */ = {
			isa = XCConfigurationList;
			buildConfigurations = (
				F3A0067529E518D8004D1334 /* Debug */,
				F3A0067629E518D8004D1334 /* Release */,
			);
			defaultConfigurationIsVisible = 0;
			defaultConfigurationName = Release;
		};
		F3A0067729E518D8004D1334 /* Build configuration list for PBXNativeTarget "FormEngineTests" */ = {
			isa = XCConfigurationList;
			buildConfigurations = (
				F3A0067829E518D8004D1334 /* Debug */,
				F3A0067929E518D8004D1334 /* Release */,
			);
			defaultConfigurationIsVisible = 0;
			defaultConfigurationName = Release;
		};
		F3A0067A29E518D8004D1334 /* Build configuration list for PBXNativeTarget "FormEngineUITests" */ = {
			isa = XCConfigurationList;
			buildConfigurations = (
				F3A0067B29E518D8004D1334 /* Debug */,
				F3A0067C29E518D8004D1334 /* Release */,
			);
			defaultConfigurationIsVisible = 0;
			defaultConfigurationName = Release;
		};
/* End XCConfigurationList section */
	};
	rootObject = F3A0063F29E518D7004D1334 /* Project object */;
}
